// !$*UTF8*$!
{
	archiveVersion = 1;
	classes = {
	};
	objectVersion = 51;
	objects = {

/* Begin PBXBuildFile section */
		3018168BEC69F7B9ADD00EC5 /* Pods_Instagram_InstagramUITests.framework in Frameworks */ = {isa = PBXBuildFile; fileRef = 0531E306A1F0197F4655AD03 /* Pods_Instagram_InstagramUITests.framework */; };
		4B8DE3822543BCAE00B80D4E /* AppDelegate.swift in Sources */ = {isa = PBXBuildFile; fileRef = 4B8DE3812543BCAE00B80D4E /* AppDelegate.swift */; };
		4B8DE3842543BCAE00B80D4E /* SceneDelegate.swift in Sources */ = {isa = PBXBuildFile; fileRef = 4B8DE3832543BCAE00B80D4E /* SceneDelegate.swift */; };
		4B8DE3892543BCAE00B80D4E /* Main.storyboard in Resources */ = {isa = PBXBuildFile; fileRef = 4B8DE3872543BCAE00B80D4E /* Main.storyboard */; };
		4B8DE38B2543BCAF00B80D4E /* Assets.xcassets in Resources */ = {isa = PBXBuildFile; fileRef = 4B8DE38A2543BCAF00B80D4E /* Assets.xcassets */; };
		4B8DE38E2543BCAF00B80D4E /* LaunchScreen.storyboard in Resources */ = {isa = PBXBuildFile; fileRef = 4B8DE38C2543BCAF00B80D4E /* LaunchScreen.storyboard */; };
		4B8DE3992543BCAF00B80D4E /* InstagramTests.swift in Sources */ = {isa = PBXBuildFile; fileRef = 4B8DE3982543BCAF00B80D4E /* InstagramTests.swift */; };
		4B8DE3A42543BCAF00B80D4E /* InstagramUITests.swift in Sources */ = {isa = PBXBuildFile; fileRef = 4B8DE3A32543BCAF00B80D4E /* InstagramUITests.swift */; };
		4B8DE3B82543BD1500B80D4E /* LoginViewController.swift in Sources */ = {isa = PBXBuildFile; fileRef = 4B8DE3B72543BD1500B80D4E /* LoginViewController.swift */; };
		4B8DE3BD2543BD1E00B80D4E /* FeedViewController.swift in Sources */ = {isa = PBXBuildFile; fileRef = 4B8DE3BC2543BD1E00B80D4E /* FeedViewController.swift */; };
		4B8DE3CE2543CE0000B80D4E /* CameraViewController.swift in Sources */ = {isa = PBXBuildFile; fileRef = 4B8DE3CD2543CE0000B80D4E /* CameraViewController.swift */; };
		4B8DE3DE2543DCEE00B80D4E /* PostCell.swift in Sources */ = {isa = PBXBuildFile; fileRef = 4B8DE3DD2543DCEE00B80D4E /* PostCell.swift */; };
		4BF1BB46254D2D3E003DEE03 /* CommentCellCell.swift in Sources */ = {isa = PBXBuildFile; fileRef = 4BF1BB45254D2D3E003DEE03 /* CommentCellCell.swift */; };
		8B7BC1C656CC3B70DC3F9126 /* Pods_InstagramTests.framework in Frameworks */ = {isa = PBXBuildFile; fileRef = D36C5CD20BAEF40EA5E42C3E /* Pods_InstagramTests.framework */; };
		BA056859C8C65C4BDB7CD9CB /* Pods_Instagram.framework in Frameworks */ = {isa = PBXBuildFile; fileRef = 103F4EBFD19F4D06035DF035 /* Pods_Instagram.framework */; };
/* End PBXBuildFile section */

/* Begin PBXContainerItemProxy section */
		4B8DE3952543BCAF00B80D4E /* PBXContainerItemProxy */ = {
			isa = PBXContainerItemProxy;
			containerPortal = 4B8DE3762543BCAE00B80D4E /* Project object */;
			proxyType = 1;
			remoteGlobalIDString = 4B8DE37D2543BCAE00B80D4E;
			remoteInfo = Instagram;
		};
		4B8DE3A02543BCAF00B80D4E /* PBXContainerItemProxy */ = {
			isa = PBXContainerItemProxy;
			containerPortal = 4B8DE3762543BCAE00B80D4E /* Project object */;
			proxyType = 1;
			remoteGlobalIDString = 4B8DE37D2543BCAE00B80D4E;
			remoteInfo = Instagram;
		};
/* End PBXContainerItemProxy section */

/* Begin PBXFileReference section */
		0531E306A1F0197F4655AD03 /* Pods_Instagram_InstagramUITests.framework */ = {isa = PBXFileReference; explicitFileType = wrapper.framework; includeInIndex = 0; path = Pods_Instagram_InstagramUITests.framework; sourceTree = BUILT_PRODUCTS_DIR; };
		0BC6BB624C992D74EE167140 /* Pods-Instagram-InstagramUITests.release.xcconfig */ = {isa = PBXFileReference; includeInIndex = 1; lastKnownFileType = text.xcconfig; name = "Pods-Instagram-InstagramUITests.release.xcconfig"; path = "Target Support Files/Pods-Instagram-InstagramUITests/Pods-Instagram-InstagramUITests.release.xcconfig"; sourceTree = "<group>"; };
		103F4EBFD19F4D06035DF035 /* Pods_Instagram.framework */ = {isa = PBXFileReference; explicitFileType = wrapper.framework; includeInIndex = 0; path = Pods_Instagram.framework; sourceTree = BUILT_PRODUCTS_DIR; };
		4B8DE37E2543BCAE00B80D4E /* Instagram.app */ = {isa = PBXFileReference; explicitFileType = wrapper.application; includeInIndex = 0; path = Instagram.app; sourceTree = BUILT_PRODUCTS_DIR; };
		4B8DE3812543BCAE00B80D4E /* AppDelegate.swift */ = {isa = PBXFileReference; lastKnownFileType = sourcecode.swift; path = AppDelegate.swift; sourceTree = "<group>"; };
		4B8DE3832543BCAE00B80D4E /* SceneDelegate.swift */ = {isa = PBXFileReference; lastKnownFileType = sourcecode.swift; path = SceneDelegate.swift; sourceTree = "<group>"; };
		4B8DE3882543BCAE00B80D4E /* Base */ = {isa = PBXFileReference; lastKnownFileType = file.storyboard; name = Base; path = Base.lproj/Main.storyboard; sourceTree = "<group>"; };
		4B8DE38A2543BCAF00B80D4E /* Assets.xcassets */ = {isa = PBXFileReference; lastKnownFileType = folder.assetcatalog; path = Assets.xcassets; sourceTree = "<group>"; };
		4B8DE38D2543BCAF00B80D4E /* Base */ = {isa = PBXFileReference; lastKnownFileType = file.storyboard; name = Base; path = Base.lproj/LaunchScreen.storyboard; sourceTree = "<group>"; };
		4B8DE38F2543BCAF00B80D4E /* Info.plist */ = {isa = PBXFileReference; lastKnownFileType = text.plist.xml; path = Info.plist; sourceTree = "<group>"; };
		4B8DE3942543BCAF00B80D4E /* InstagramTests.xctest */ = {isa = PBXFileReference; explicitFileType = wrapper.cfbundle; includeInIndex = 0; path = InstagramTests.xctest; sourceTree = BUILT_PRODUCTS_DIR; };
		4B8DE3982543BCAF00B80D4E /* InstagramTests.swift */ = {isa = PBXFileReference; lastKnownFileType = sourcecode.swift; path = InstagramTests.swift; sourceTree = "<group>"; };
		4B8DE39A2543BCAF00B80D4E /* Info.plist */ = {isa = PBXFileReference; lastKnownFileType = text.plist.xml; path = Info.plist; sourceTree = "<group>"; };
		4B8DE39F2543BCAF00B80D4E /* InstagramUITests.xctest */ = {isa = PBXFileReference; explicitFileType = wrapper.cfbundle; includeInIndex = 0; path = InstagramUITests.xctest; sourceTree = BUILT_PRODUCTS_DIR; };
		4B8DE3A32543BCAF00B80D4E /* InstagramUITests.swift */ = {isa = PBXFileReference; lastKnownFileType = sourcecode.swift; path = InstagramUITests.swift; sourceTree = "<group>"; };
		4B8DE3A52543BCAF00B80D4E /* Info.plist */ = {isa = PBXFileReference; lastKnownFileType = text.plist.xml; path = Info.plist; sourceTree = "<group>"; };
		4B8DE3B72543BD1500B80D4E /* LoginViewController.swift */ = {isa = PBXFileReference; lastKnownFileType = sourcecode.swift; path = LoginViewController.swift; sourceTree = "<group>"; };
		4B8DE3BC2543BD1E00B80D4E /* FeedViewController.swift */ = {isa = PBXFileReference; lastKnownFileType = sourcecode.swift; path = FeedViewController.swift; sourceTree = "<group>"; };
		4B8DE3CD2543CE0000B80D4E /* CameraViewController.swift */ = {isa = PBXFileReference; lastKnownFileType = sourcecode.swift; path = CameraViewController.swift; sourceTree = "<group>"; };
		4B8DE3DD2543DCEE00B80D4E /* PostCell.swift */ = {isa = PBXFileReference; lastKnownFileType = sourcecode.swift; path = PostCell.swift; sourceTree = "<group>"; };
		4BF1BB45254D2D3E003DEE03 /* CommentCellCell.swift */ = {isa = PBXFileReference; lastKnownFileType = sourcecode.swift; path = CommentCellCell.swift; sourceTree = "<group>"; };
		4F9608FCB0973B0F0930F4C6 /* Pods-Instagram.debug.xcconfig */ = {isa = PBXFileReference; includeInIndex = 1; lastKnownFileType = text.xcconfig; name = "Pods-Instagram.debug.xcconfig"; path = "Target Support Files/Pods-Instagram/Pods-Instagram.debug.xcconfig"; sourceTree = "<group>"; };
		B34CF5E9DEF7BED154B6F33A /* Pods-Instagram-InstagramUITests.debug.xcconfig */ = {isa = PBXFileReference; includeInIndex = 1; lastKnownFileType = text.xcconfig; name = "Pods-Instagram-InstagramUITests.debug.xcconfig"; path = "Target Support Files/Pods-Instagram-InstagramUITests/Pods-Instagram-InstagramUITests.debug.xcconfig"; sourceTree = "<group>"; };
		B4002E971F7089F90B7798D0 /* Pods-Instagram.release.xcconfig */ = {isa = PBXFileReference; includeInIndex = 1; lastKnownFileType = text.xcconfig; name = "Pods-Instagram.release.xcconfig"; path = "Target Support Files/Pods-Instagram/Pods-Instagram.release.xcconfig"; sourceTree = "<group>"; };
		CC348CE0E775486C410BDF1C /* Pods-InstagramTests.debug.xcconfig */ = {isa = PBXFileReference; includeInIndex = 1; lastKnownFileType = text.xcconfig; name = "Pods-InstagramTests.debug.xcconfig"; path = "Target Support Files/Pods-InstagramTests/Pods-InstagramTests.debug.xcconfig"; sourceTree = "<group>"; };
		D36C5CD20BAEF40EA5E42C3E /* Pods_InstagramTests.framework */ = {isa = PBXFileReference; explicitFileType = wrapper.framework; includeInIndex = 0; path = Pods_InstagramTests.framework; sourceTree = BUILT_PRODUCTS_DIR; };
		F3E5AF3D84BB45C5CD48D831 /* Pods-InstagramTests.release.xcconfig */ = {isa = PBXFileReference; includeInIndex = 1; lastKnownFileType = text.xcconfig; name = "Pods-InstagramTests.release.xcconfig"; path = "Target Support Files/Pods-InstagramTests/Pods-InstagramTests.release.xcconfig"; sourceTree = "<group>"; };
/* End PBXFileReference section */

/* Begin PBXFrameworksBuildPhase section */
		4B8DE37B2543BCAE00B80D4E /* Frameworks */ = {
			isa = PBXFrameworksBuildPhase;
			buildActionMask = 2147483647;
			files = (
				BA056859C8C65C4BDB7CD9CB /* Pods_Instagram.framework in Frameworks */,
			);
			runOnlyForDeploymentPostprocessing = 0;
		};
		4B8DE3912543BCAF00B80D4E /* Frameworks */ = {
			isa = PBXFrameworksBuildPhase;
			buildActionMask = 2147483647;
			files = (
				8B7BC1C656CC3B70DC3F9126 /* Pods_InstagramTests.framework in Frameworks */,
			);
			runOnlyForDeploymentPostprocessing = 0;
		};
		4B8DE39C2543BCAF00B80D4E /* Frameworks */ = {
			isa = PBXFrameworksBuildPhase;
			buildActionMask = 2147483647;
			files = (
				3018168BEC69F7B9ADD00EC5 /* Pods_Instagram_InstagramUITests.framework in Frameworks */,
			);
			runOnlyForDeploymentPostprocessing = 0;
		};
/* End PBXFrameworksBuildPhase section */

/* Begin PBXGroup section */
		4B8DE3752543BCAE00B80D4E = {
			isa = PBXGroup;
			children = (
				4B8DE3802543BCAE00B80D4E /* Instagram */,
				4B8DE3972543BCAF00B80D4E /* InstagramTests */,
				4B8DE3A22543BCAF00B80D4E /* InstagramUITests */,
				4B8DE37F2543BCAE00B80D4E /* Products */,
				E9EC7507A0037D88ECA614A1 /* Pods */,
				CC3E49E5E37BEF87654638AA /* Frameworks */,
			);
			sourceTree = "<group>";
		};
		4B8DE37F2543BCAE00B80D4E /* Products */ = {
			isa = PBXGroup;
			children = (
				4B8DE37E2543BCAE00B80D4E /* Instagram.app */,
				4B8DE3942543BCAF00B80D4E /* InstagramTests.xctest */,
				4B8DE39F2543BCAF00B80D4E /* InstagramUITests.xctest */,
			);
			name = Products;
			sourceTree = "<group>";
		};
		4B8DE3802543BCAE00B80D4E /* Instagram */ = {
			isa = PBXGroup;
			children = (
				4B8DE3812543BCAE00B80D4E /* AppDelegate.swift */,
				4B8DE3832543BCAE00B80D4E /* SceneDelegate.swift */,
				4B8DE3872543BCAE00B80D4E /* Main.storyboard */,
				4B8DE38A2543BCAF00B80D4E /* Assets.xcassets */,
				4B8DE38C2543BCAF00B80D4E /* LaunchScreen.storyboard */,
				4B8DE38F2543BCAF00B80D4E /* Info.plist */,
				4B8DE3B72543BD1500B80D4E /* LoginViewController.swift */,
				4B8DE3BC2543BD1E00B80D4E /* FeedViewController.swift */,
				4B8DE3CD2543CE0000B80D4E /* CameraViewController.swift */,
				4B8DE3DD2543DCEE00B80D4E /* PostCell.swift */,
				4BF1BB45254D2D3E003DEE03 /* CommentCellCell.swift */,
			);
			path = Instagram;
			sourceTree = "<group>";
		};
		4B8DE3972543BCAF00B80D4E /* InstagramTests */ = {
			isa = PBXGroup;
			children = (
				4B8DE3982543BCAF00B80D4E /* InstagramTests.swift */,
				4B8DE39A2543BCAF00B80D4E /* Info.plist */,
			);
			path = InstagramTests;
			sourceTree = "<group>";
		};
		4B8DE3A22543BCAF00B80D4E /* InstagramUITests */ = {
			isa = PBXGroup;
			children = (
				4B8DE3A32543BCAF00B80D4E /* InstagramUITests.swift */,
				4B8DE3A52543BCAF00B80D4E /* Info.plist */,
			);
			path = InstagramUITests;
			sourceTree = "<group>";
		};
		CC3E49E5E37BEF87654638AA /* Frameworks */ = {
			isa = PBXGroup;
			children = (
				103F4EBFD19F4D06035DF035 /* Pods_Instagram.framework */,
				0531E306A1F0197F4655AD03 /* Pods_Instagram_InstagramUITests.framework */,
				D36C5CD20BAEF40EA5E42C3E /* Pods_InstagramTests.framework */,
			);
			name = Frameworks;
			sourceTree = "<group>";
		};
		E9EC7507A0037D88ECA614A1 /* Pods */ = {
			isa = PBXGroup;
			children = (
				4F9608FCB0973B0F0930F4C6 /* Pods-Instagram.debug.xcconfig */,
				B4002E971F7089F90B7798D0 /* Pods-Instagram.release.xcconfig */,
				B34CF5E9DEF7BED154B6F33A /* Pods-Instagram-InstagramUITests.debug.xcconfig */,
				0BC6BB624C992D74EE167140 /* Pods-Instagram-InstagramUITests.release.xcconfig */,
				CC348CE0E775486C410BDF1C /* Pods-InstagramTests.debug.xcconfig */,
				F3E5AF3D84BB45C5CD48D831 /* Pods-InstagramTests.release.xcconfig */,
			);
			path = Pods;
			sourceTree = "<group>";
		};
/* End PBXGroup section */

/* Begin PBXNativeTarget section */
		4B8DE37D2543BCAE00B80D4E /* Instagram */ = {
			isa = PBXNativeTarget;
			buildConfigurationList = 4B8DE3A82543BCAF00B80D4E /* Build configuration list for PBXNativeTarget "Instagram" */;
			buildPhases = (
				995C0C93A0636D7FBBE33713 /* [CP] Check Pods Manifest.lock */,
				4B8DE37A2543BCAE00B80D4E /* Sources */,
				4B8DE37B2543BCAE00B80D4E /* Frameworks */,
				4B8DE37C2543BCAE00B80D4E /* Resources */,
				755DEF3096B5BE920B2F1DAA /* [CP] Embed Pods Frameworks */,
			);
			buildRules = (
			);
			dependencies = (
			);
			name = Instagram;
			productName = Instagram;
			productReference = 4B8DE37E2543BCAE00B80D4E /* Instagram.app */;
			productType = "com.apple.product-type.application";
		};
		4B8DE3932543BCAF00B80D4E /* InstagramTests */ = {
			isa = PBXNativeTarget;
			buildConfigurationList = 4B8DE3AB2543BCAF00B80D4E /* Build configuration list for PBXNativeTarget "InstagramTests" */;
			buildPhases = (
				60A8E8B363EBC0F4741A48EB /* [CP] Check Pods Manifest.lock */,
				4B8DE3902543BCAF00B80D4E /* Sources */,
				4B8DE3912543BCAF00B80D4E /* Frameworks */,
				4B8DE3922543BCAF00B80D4E /* Resources */,
			);
			buildRules = (
			);
			dependencies = (
				4B8DE3962543BCAF00B80D4E /* PBXTargetDependency */,
			);
			name = InstagramTests;
			productName = InstagramTests;
			productReference = 4B8DE3942543BCAF00B80D4E /* InstagramTests.xctest */;
			productType = "com.apple.product-type.bundle.unit-test";
		};
		4B8DE39E2543BCAF00B80D4E /* InstagramUITests */ = {
			isa = PBXNativeTarget;
			buildConfigurationList = 4B8DE3AE2543BCAF00B80D4E /* Build configuration list for PBXNativeTarget "InstagramUITests" */;
			buildPhases = (
				9CAA5847FA748DA8D9BD461E /* [CP] Check Pods Manifest.lock */,
				4B8DE39B2543BCAF00B80D4E /* Sources */,
				4B8DE39C2543BCAF00B80D4E /* Frameworks */,
				4B8DE39D2543BCAF00B80D4E /* Resources */,
				C4AE70CD3FB1207ED82D5654 /* [CP] Embed Pods Frameworks */,
			);
			buildRules = (
			);
			dependencies = (
				4B8DE3A12543BCAF00B80D4E /* PBXTargetDependency */,
			);
			name = InstagramUITests;
			productName = InstagramUITests;
			productReference = 4B8DE39F2543BCAF00B80D4E /* InstagramUITests.xctest */;
			productType = "com.apple.product-type.bundle.ui-testing";
		};
/* End PBXNativeTarget section */

/* Begin PBXProject section */
		4B8DE3762543BCAE00B80D4E /* Project object */ = {
			isa = PBXProject;
			attributes = {
				LastSwiftUpdateCheck = 1200;
				LastUpgradeCheck = 1200;
				TargetAttributes = {
					4B8DE37D2543BCAE00B80D4E = {
						CreatedOnToolsVersion = 12.0.1;
					};
					4B8DE3932543BCAF00B80D4E = {
						CreatedOnToolsVersion = 12.0.1;
						TestTargetID = 4B8DE37D2543BCAE00B80D4E;
					};
					4B8DE39E2543BCAF00B80D4E = {
						CreatedOnToolsVersion = 12.0.1;
						TestTargetID = 4B8DE37D2543BCAE00B80D4E;
					};
				};
			};
			buildConfigurationList = 4B8DE3792543BCAE00B80D4E /* Build configuration list for PBXProject "Instagram" */;
			compatibilityVersion = "Xcode 9.3";
			developmentRegion = en;
			hasScannedForEncodings = 0;
			knownRegions = (
				en,
				Base,
			);
			mainGroup = 4B8DE3752543BCAE00B80D4E;
			productRefGroup = 4B8DE37F2543BCAE00B80D4E /* Products */;
			projectDirPath = "";
			projectRoot = "";
			targets = (
				4B8DE37D2543BCAE00B80D4E /* Instagram */,
				4B8DE3932543BCAF00B80D4E /* InstagramTests */,
				4B8DE39E2543BCAF00B80D4E /* InstagramUITests */,
			);
		};
/* End PBXProject section */

/* Begin PBXResourcesBuildPhase section */
		4B8DE37C2543BCAE00B80D4E /* Resources */ = {
			isa = PBXResourcesBuildPhase;
			buildActionMask = 2147483647;
			files = (
				4B8DE38E2543BCAF00B80D4E /* LaunchScreen.storyboard in Resources */,
				4B8DE38B2543BCAF00B80D4E /* Assets.xcassets in Resources */,
				4B8DE3892543BCAE00B80D4E /* Main.storyboard in Resources */,
			);
			runOnlyForDeploymentPostprocessing = 0;
		};
		4B8DE3922543BCAF00B80D4E /* Resources */ = {
			isa = PBXResourcesBuildPhase;
			buildActionMask = 2147483647;
			files = (
			);
			runOnlyForDeploymentPostprocessing = 0;
		};
		4B8DE39D2543BCAF00B80D4E /* Resources */ = {
			isa = PBXResourcesBuildPhase;
			buildActionMask = 2147483647;
			files = (
			);
			runOnlyForDeploymentPostprocessing = 0;
		};
/* End PBXResourcesBuildPhase section */

/* Begin PBXShellScriptBuildPhase section */
		60A8E8B363EBC0F4741A48EB /* [CP] Check Pods Manifest.lock */ = {
			isa = PBXShellScriptBuildPhase;
			buildActionMask = 2147483647;
			files = (
			);
			inputFileListPaths = (
			);
			inputPaths = (
				"${PODS_PODFILE_DIR_PATH}/Podfile.lock",
				"${PODS_ROOT}/Manifest.lock",
			);
			name = "[CP] Check Pods Manifest.lock";
			outputFileListPaths = (
			);
			outputPaths = (
				"$(DERIVED_FILE_DIR)/Pods-InstagramTests-checkManifestLockResult.txt",
			);
			runOnlyForDeploymentPostprocessing = 0;
			shellPath = /bin/sh;
			shellScript = "diff \"${PODS_PODFILE_DIR_PATH}/Podfile.lock\" \"${PODS_ROOT}/Manifest.lock\" > /dev/null\nif [ $? != 0 ] ; then\n    # print error to STDERR\n    echo \"error: The sandbox is not in sync with the Podfile.lock. Run 'pod install' or update your CocoaPods installation.\" >&2\n    exit 1\nfi\n# This output is used by Xcode 'outputs' to avoid re-running this script phase.\necho \"SUCCESS\" > \"${SCRIPT_OUTPUT_FILE_0}\"\n";
			showEnvVarsInLog = 0;
		};
		755DEF3096B5BE920B2F1DAA /* [CP] Embed Pods Frameworks */ = {
			isa = PBXShellScriptBuildPhase;
			buildActionMask = 2147483647;
			files = (
			);
			inputFileListPaths = (
				"${PODS_ROOT}/Target Support Files/Pods-Instagram/Pods-Instagram-frameworks-${CONFIGURATION}-input-files.xcfilelist",
			);
			name = "[CP] Embed Pods Frameworks";
			outputFileListPaths = (
				"${PODS_ROOT}/Target Support Files/Pods-Instagram/Pods-Instagram-frameworks-${CONFIGURATION}-output-files.xcfilelist",
			);
			runOnlyForDeploymentPostprocessing = 0;
			shellPath = /bin/sh;
			shellScript = "\"${PODS_ROOT}/Target Support Files/Pods-Instagram/Pods-Instagram-frameworks.sh\"\n";
			showEnvVarsInLog = 0;
		};
		995C0C93A0636D7FBBE33713 /* [CP] Check Pods Manifest.lock */ = {
			isa = PBXShellScriptBuildPhase;
			buildActionMask = 2147483647;
			files = (
			);
			inputFileListPaths = (
			);
			inputPaths = (
				"${PODS_PODFILE_DIR_PATH}/Podfile.lock",
				"${PODS_ROOT}/Manifest.lock",
			);
			name = "[CP] Check Pods Manifest.lock";
			outputFileListPaths = (
			);
			outputPaths = (
				"$(DERIVED_FILE_DIR)/Pods-Instagram-checkManifestLockResult.txt",
			);
			runOnlyForDeploymentPostprocessing = 0;
			shellPath = /bin/sh;
			shellScript = "diff \"${PODS_PODFILE_DIR_PATH}/Podfile.lock\" \"${PODS_ROOT}/Manifest.lock\" > /dev/null\nif [ $? != 0 ] ; then\n    # print error to STDERR\n    echo \"error: The sandbox is not in sync with the Podfile.lock. Run 'pod install' or update your CocoaPods installation.\" >&2\n    exit 1\nfi\n# This output is used by Xcode 'outputs' to avoid re-running this script phase.\necho \"SUCCESS\" > \"${SCRIPT_OUTPUT_FILE_0}\"\n";
			showEnvVarsInLog = 0;
		};
		9CAA5847FA748DA8D9BD461E /* [CP] Check Pods Manifest.lock */ = {
			isa = PBXShellScriptBuildPhase;
			buildActionMask = 2147483647;
			files = (
			);
			inputFileListPaths = (
			);
			inputPaths = (
				"${PODS_PODFILE_DIR_PATH}/Podfile.lock",
				"${PODS_ROOT}/Manifest.lock",
			);
			name = "[CP] Check Pods Manifest.lock";
			outputFileListPaths = (
			);
			outputPaths = (
				"$(DERIVED_FILE_DIR)/Pods-Instagram-InstagramUITests-checkManifestLockResult.txt",
			);
			runOnlyForDeploymentPostprocessing = 0;
			shellPath = /bin/sh;
			shellScript = "diff \"${PODS_PODFILE_DIR_PATH}/Podfile.lock\" \"${PODS_ROOT}/Manifest.lock\" > /dev/null\nif [ $? != 0 ] ; then\n    # print error to STDERR\n    echo \"error: The sandbox is not in sync with the Podfile.lock. Run 'pod install' or update your CocoaPods installation.\" >&2\n    exit 1\nfi\n# This output is used by Xcode 'outputs' to avoid re-running this script phase.\necho \"SUCCESS\" > \"${SCRIPT_OUTPUT_FILE_0}\"\n";
			showEnvVarsInLog = 0;
		};
		C4AE70CD3FB1207ED82D5654 /* [CP] Embed Pods Frameworks */ = {
			isa = PBXShellScriptBuildPhase;
			buildActionMask = 2147483647;
			files = (
			);
			inputFileListPaths = (
				"${PODS_ROOT}/Target Support Files/Pods-Instagram-InstagramUITests/Pods-Instagram-InstagramUITests-frameworks-${CONFIGURATION}-input-files.xcfilelist",
			);
			name = "[CP] Embed Pods Frameworks";
			outputFileListPaths = (
				"${PODS_ROOT}/Target Support Files/Pods-Instagram-InstagramUITests/Pods-Instagram-InstagramUITests-frameworks-${CONFIGURATION}-output-files.xcfilelist",
			);
			runOnlyForDeploymentPostprocessing = 0;
			shellPath = /bin/sh;
			shellScript = "\"${PODS_ROOT}/Target Support Files/Pods-Instagram-InstagramUITests/Pods-Instagram-InstagramUITests-frameworks.sh\"\n";
			showEnvVarsInLog = 0;
		};
/* End PBXShellScriptBuildPhase section */

/* Begin PBXSourcesBuildPhase section */
		4B8DE37A2543BCAE00B80D4E /* Sources */ = {
			isa = PBXSourcesBuildPhase;
			buildActionMask = 2147483647;
			files = (
				4B8DE3B82543BD1500B80D4E /* LoginViewController.swift in Sources */,
				4B8DE3CE2543CE0000B80D4E /* CameraViewController.swift in Sources */,
				4B8DE3822543BCAE00B80D4E /* AppDelegate.swift in Sources */,
				4B8DE3BD2543BD1E00B80D4E /* FeedViewController.swift in Sources */,
				4B8DE3842543BCAE00B80D4E /* SceneDelegate.swift in Sources */,
				4B8DE3DE2543DCEE00B80D4E /* PostCell.swift in Sources */,
				4BF1BB46254D2D3E003DEE03 /* CommentCellCell.swift in Sources */,
			);
			runOnlyForDeploymentPostprocessing = 0;
		};
		4B8DE3902543BCAF00B80D4E /* Sources */ = {
			isa = PBXSourcesBuildPhase;
			buildActionMask = 2147483647;
			files = (
				4B8DE3992543BCAF00B80D4E /* InstagramTests.swift in Sources */,
			);
			runOnlyForDeploymentPostprocessing = 0;
		};
		4B8DE39B2543BCAF00B80D4E /* Sources */ = {
			isa = PBXSourcesBuildPhase;
			buildActionMask = 2147483647;
			files = (
				4B8DE3A42543BCAF00B80D4E /* InstagramUITests.swift in Sources */,
			);
			runOnlyForDeploymentPostprocessing = 0;
		};
/* End PBXSourcesBuildPhase section */

/* Begin PBXTargetDependency section */
		4B8DE3962543BCAF00B80D4E /* PBXTargetDependency */ = {
			isa = PBXTargetDependency;
			target = 4B8DE37D2543BCAE00B80D4E /* Instagram */;
			targetProxy = 4B8DE3952543BCAF00B80D4E /* PBXContainerItemProxy */;
		};
		4B8DE3A12543BCAF00B80D4E /* PBXTargetDependency */ = {
			isa = PBXTargetDependency;
			target = 4B8DE37D2543BCAE00B80D4E /* Instagram */;
			targetProxy = 4B8DE3A02543BCAF00B80D4E /* PBXContainerItemProxy */;
		};
/* End PBXTargetDependency section */

/* Begin PBXVariantGroup section */
		4B8DE3872543BCAE00B80D4E /* Main.storyboard */ = {
			isa = PBXVariantGroup;
			children = (
				4B8DE3882543BCAE00B80D4E /* Base */,
			);
			name = Main.storyboard;
			sourceTree = "<group>";
		};
		4B8DE38C2543BCAF00B80D4E /* LaunchScreen.storyboard */ = {
			isa = PBXVariantGroup;
			children = (
				4B8DE38D2543BCAF00B80D4E /* Base */,
			);
			name = LaunchScreen.storyboard;
			sourceTree = "<group>";
		};
/* End PBXVariantGroup section */

/* Begin XCBuildConfiguration section */
		4B8DE3A62543BCAF00B80D4E /* Debug */ = {
			isa = XCBuildConfiguration;
			buildSettings = {
				ALWAYS_SEARCH_USER_PATHS = NO;
				CLANG_ANALYZER_NONNULL = YES;
				CLANG_ANALYZER_NUMBER_OBJECT_CONVERSION = YES_AGGRESSIVE;
				CLANG_CXX_LANGUAGE_STANDARD = "gnu++14";
				CLANG_CXX_LIBRARY = "libc++";
				CLANG_ENABLE_MODULES = YES;
				CLANG_ENABLE_OBJC_ARC = YES;
				CLANG_ENABLE_OBJC_WEAK = YES;
				CLANG_WARN_BLOCK_CAPTURE_AUTORELEASING = YES;
				CLANG_WARN_BOOL_CONVERSION = YES;
				CLANG_WARN_COMMA = YES;
				CLANG_WARN_CONSTANT_CONVERSION = YES;
				CLANG_WARN_DEPRECATED_OBJC_IMPLEMENTATIONS = YES;
				CLANG_WARN_DIRECT_OBJC_ISA_USAGE = YES_ERROR;
				CLANG_WARN_DOCUMENTATION_COMMENTS = YES;
				CLANG_WARN_EMPTY_BODY = YES;
				CLANG_WARN_ENUM_CONVERSION = YES;
				CLANG_WARN_INFINITE_RECURSION = YES;
				CLANG_WARN_INT_CONVERSION = YES;
				CLANG_WARN_NON_LITERAL_NULL_CONVERSION = YES;
				CLANG_WARN_OBJC_IMPLICIT_RETAIN_SELF = YES;
				CLANG_WARN_OBJC_LITERAL_CONVERSION = YES;
				CLANG_WARN_OBJC_ROOT_CLASS = YES_ERROR;
				CLANG_WARN_QUOTED_INCLUDE_IN_FRAMEWORK_HEADER = YES;
				CLANG_WARN_RANGE_LOOP_ANALYSIS = YES;
				CLANG_WARN_STRICT_PROTOTYPES = YES;
				CLANG_WARN_SUSPICIOUS_MOVE = YES;
				CLANG_WARN_UNGUARDED_AVAILABILITY = YES_AGGRESSIVE;
				CLANG_WARN_UNREACHABLE_CODE = YES;
				CLANG_WARN__DUPLICATE_METHOD_MATCH = YES;
				COPY_PHASE_STRIP = NO;
				DEBUG_INFORMATION_FORMAT = dwarf;
				ENABLE_STRICT_OBJC_MSGSEND = YES;
				ENABLE_TESTABILITY = YES;
				GCC_C_LANGUAGE_STANDARD = gnu11;
				GCC_DYNAMIC_NO_PIC = NO;
				GCC_NO_COMMON_BLOCKS = YES;
				GCC_OPTIMIZATION_LEVEL = 0;
				GCC_PREPROCESSOR_DEFINITIONS = (
					"DEBUG=1",
					"$(inherited)",
				);
				GCC_WARN_64_TO_32_BIT_CONVERSION = YES;
				GCC_WARN_ABOUT_RETURN_TYPE = YES_ERROR;
				GCC_WARN_UNDECLARED_SELECTOR = YES;
				GCC_WARN_UNINITIALIZED_AUTOS = YES_AGGRESSIVE;
				GCC_WARN_UNUSED_FUNCTION = YES;
				GCC_WARN_UNUSED_VARIABLE = YES;
				IPHONEOS_DEPLOYMENT_TARGET = 14.0;
				MTL_ENABLE_DEBUG_INFO = INCLUDE_SOURCE;
				MTL_FAST_MATH = YES;
				ONLY_ACTIVE_ARCH = YES;
				SDKROOT = iphoneos;
				SWIFT_ACTIVE_COMPILATION_CONDITIONS = DEBUG;
				SWIFT_OPTIMIZATION_LEVEL = "-Onone";
			};
			name = Debug;
		};
		4B8DE3A72543BCAF00B80D4E /* Release */ = {
			isa = XCBuildConfiguration;
			buildSettings = {
				ALWAYS_SEARCH_USER_PATHS = NO;
				CLANG_ANALYZER_NONNULL = YES;
				CLANG_ANALYZER_NUMBER_OBJECT_CONVERSION = YES_AGGRESSIVE;
				CLANG_CXX_LANGUAGE_STANDARD = "gnu++14";
				CLANG_CXX_LIBRARY = "libc++";
				CLANG_ENABLE_MODULES = YES;
				CLANG_ENABLE_OBJC_ARC = YES;
				CLANG_ENABLE_OBJC_WEAK = YES;
				CLANG_WARN_BLOCK_CAPTURE_AUTORELEASING = YES;
				CLANG_WARN_BOOL_CONVERSION = YES;
				CLANG_WARN_COMMA = YES;
				CLANG_WARN_CONSTANT_CONVERSION = YES;
				CLANG_WARN_DEPRECATED_OBJC_IMPLEMENTATIONS = YES;
				CLANG_WARN_DIRECT_OBJC_ISA_USAGE = YES_ERROR;
				CLANG_WARN_DOCUMENTATION_COMMENTS = YES;
				CLANG_WARN_EMPTY_BODY = YES;
				CLANG_WARN_ENUM_CONVERSION = YES;
				CLANG_WARN_INFINITE_RECURSION = YES;
				CLANG_WARN_INT_CONVERSION = YES;
				CLANG_WARN_NON_LITERAL_NULL_CONVERSION = YES;
				CLANG_WARN_OBJC_IMPLICIT_RETAIN_SELF = YES;
				CLANG_WARN_OBJC_LITERAL_CONVERSION = YES;
				CLANG_WARN_OBJC_ROOT_CLASS = YES_ERROR;
				CLANG_WARN_QUOTED_INCLUDE_IN_FRAMEWORK_HEADER = YES;
				CLANG_WARN_RANGE_LOOP_ANALYSIS = YES;
				CLANG_WARN_STRICT_PROTOTYPES = YES;
				CLANG_WARN_SUSPICIOUS_MOVE = YES;
				CLANG_WARN_UNGUARDED_AVAILABILITY = YES_AGGRESSIVE;
				CLANG_WARN_UNREACHABLE_CODE = YES;
				CLANG_WARN__DUPLICATE_METHOD_MATCH = YES;
				COPY_PHASE_STRIP = NO;
				DEBUG_INFORMATION_FORMAT = "dwarf-with-dsym";
				ENABLE_NS_ASSERTIONS = NO;
				ENABLE_STRICT_OBJC_MSGSEND = YES;
				GCC_C_LANGUAGE_STANDARD = gnu11;
				GCC_NO_COMMON_BLOCKS = YES;
				GCC_WARN_64_TO_32_BIT_CONVERSION = YES;
				GCC_WARN_ABOUT_RETURN_TYPE = YES_ERROR;
				GCC_WARN_UNDECLARED_SELECTOR = YES;
				GCC_WARN_UNINITIALIZED_AUTOS = YES_AGGRESSIVE;
				GCC_WARN_UNUSED_FUNCTION = YES;
				GCC_WARN_UNUSED_VARIABLE = YES;
				IPHONEOS_DEPLOYMENT_TARGET = 14.0;
				MTL_ENABLE_DEBUG_INFO = NO;
				MTL_FAST_MATH = YES;
				SDKROOT = iphoneos;
				SWIFT_COMPILATION_MODE = wholemodule;
				SWIFT_OPTIMIZATION_LEVEL = "-O";
				VALIDATE_PRODUCT = YES;
			};
			name = Release;
		};
		4B8DE3A92543BCAF00B80D4E /* Debug */ = {
			isa = XCBuildConfiguration;
			baseConfigurationReference = 4F9608FCB0973B0F0930F4C6 /* Pods-Instagram.debug.xcconfig */;
			buildSettings = {
				ASSETCATALOG_COMPILER_APPICON_NAME = AppIcon;
				ASSETCATALOG_COMPILER_GLOBAL_ACCENT_COLOR_NAME = AccentColor;
				CODE_SIGN_STYLE = Automatic;
				DEVELOPMENT_TEAM = C2ZP6HHQY9;
				INFOPLIST_FILE = Instagram/Info.plist;
				LD_RUNPATH_SEARCH_PATHS = (
					"$(inherited)",
					"@executable_path/Frameworks",
				);
				PRODUCT_BUNDLE_IDENTIFIER = com.myraorigami.Instagram;
				PRODUCT_NAME = "$(TARGET_NAME)";
				SWIFT_VERSION = 5.0;
				TARGETED_DEVICE_FAMILY = "1,2";
			};
			name = Debug;
		};
		4B8DE3AA2543BCAF00B80D4E /* Release */ = {
			isa = XCBuildConfiguration;
			baseConfigurationReference = B4002E971F7089F90B7798D0 /* Pods-Instagram.release.xcconfig */;
			buildSettings = {
				ASSETCATALOG_COMPILER_APPICON_NAME = AppIcon;
				ASSETCATALOG_COMPILER_GLOBAL_ACCENT_COLOR_NAME = AccentColor;
				CODE_SIGN_STYLE = Automatic;
				DEVELOPMENT_TEAM = C2ZP6HHQY9;
				INFOPLIST_FILE = Instagram/Info.plist;
				LD_RUNPATH_SEARCH_PATHS = (
					"$(inherited)",
					"@executable_path/Frameworks",
				);
				PRODUCT_BUNDLE_IDENTIFIER = com.myraorigami.Instagram;
				PRODUCT_NAME = "$(TARGET_NAME)";
				SWIFT_VERSION = 5.0;
				TARGETED_DEVICE_FAMILY = "1,2";
			};
			name = Release;
		};
		4B8DE3AC2543BCAF00B80D4E /* Debug */ = {
			isa = XCBuildConfiguration;
			baseConfigurationReference = CC348CE0E775486C410BDF1C /* Pods-InstagramTests.debug.xcconfig */;
			buildSettings = {
				ALWAYS_EMBED_SWIFT_STANDARD_LIBRARIES = YES;
				BUNDLE_LOADER = "$(TEST_HOST)";
				CODE_SIGN_STYLE = Automatic;
				DEVELOPMENT_TEAM = C2ZP6HHQY9;
				INFOPLIST_FILE = InstagramTests/Info.plist;
				IPHONEOS_DEPLOYMENT_TARGET = 14.0;
				LD_RUNPATH_SEARCH_PATHS = (
					"$(inherited)",
					"@executable_path/Frameworks",
					"@loader_path/Frameworks",
				);
				PRODUCT_BUNDLE_IDENTIFIER = com.myraorigami.InstagramTests;
				PRODUCT_NAME = "$(TARGET_NAME)";
				SWIFT_VERSION = 5.0;
				TARGETED_DEVICE_FAMILY = "1,2";
				TEST_HOST = "$(BUILT_PRODUCTS_DIR)/Instagram.app/Instagram";
			};
			name = Debug;
		};
		4B8DE3AD2543BCAF00B80D4E /* Release */ = {
			isa = XCBuildConfiguration;
			baseConfigurationReference = F3E5AF3D84BB45C5CD48D831 /* Pods-InstagramTests.release.xcconfig */;
			buildSettings = {
				ALWAYS_EMBED_SWIFT_STANDARD_LIBRARIES = YES;
				BUNDLE_LOADER = "$(TEST_HOST)";
				CODE_SIGN_STYLE = Automatic;
				DEVELOPMENT_TEAM = C2ZP6HHQY9;
				INFOPLIST_FILE = InstagramTests/Info.plist;
				IPHONEOS_DEPLOYMENT_TARGET = 14.0;
				LD_RUNPATH_SEARCH_PATHS = (
					"$(inherited)",
					"@executable_path/Frameworks",
					"@loader_path/Frameworks",
				);
				PRODUCT_BUNDLE_IDENTIFIER = com.myraorigami.InstagramTests;
				PRODUCT_NAME = "$(TARGET_NAME)";
				SWIFT_VERSION = 5.0;
				TARGETED_DEVICE_FAMILY = "1,2";
				TEST_HOST = "$(BUILT_PRODUCTS_DIR)/Instagram.app/Instagram";
			};
			name = Release;
		};
		4B8DE3AF2543BCAF00B80D4E /* Debug */ = {
			isa = XCBuildConfiguration;
			baseConfigurationReference = B34CF5E9DEF7BED154B6F33A /* Pods-Instagram-InstagramUITests.debug.xcconfig */;
			buildSettings = {
				ALWAYS_EMBED_SWIFT_STANDARD_LIBRARIES = YES;
				CODE_SIGN_STYLE = Automatic;
				DEVELOPMENT_TEAM = C2ZP6HHQY9;
				INFOPLIST_FILE = InstagramUITests/Info.plist;
				LD_RUNPATH_SEARCH_PATHS = (
					"$(inherited)",
					"@executable_path/Frameworks",
					"@loader_path/Frameworks",
				);
				PRODUCT_BUNDLE_IDENTIFIER = com.myraorigami.InstagramUITests;
				PRODUCT_NAME = "$(TARGET_NAME)";
				SWIFT_VERSION = 5.0;
				TARGETED_DEVICE_FAMILY = "1,2";
				TEST_TARGET_NAME = Instagram;
			};
			name = Debug;
		};
		4B8DE3B02543BCAF00B80D4E /* Release */ = {
			isa = XCBuildConfiguration;
			baseConfigurationReference = 0BC6BB624C992D74EE167140 /* Pods-Instagram-InstagramUITests.release.xcconfig */;
			buildSettings = {
				ALWAYS_EMBED_SWIFT_STANDARD_LIBRARIES = YES;
				CODE_SIGN_STYLE = Automatic;
				DEVELOPMENT_TEAM = C2ZP6HHQY9;
				INFOPLIST_FILE = InstagramUITests/Info.plist;
				LD_RUNPATH_SEARCH_PATHS = (
					"$(inherited)",
					"@executable_path/Frameworks",
					"@loader_path/Frameworks",
				);
				PRODUCT_BUNDLE_IDENTIFIER = com.myraorigami.InstagramUITests;
				PRODUCT_NAME = "$(TARGET_NAME)";
				SWIFT_VERSION = 5.0;
				TARGETED_DEVICE_FAMILY = "1,2";
				TEST_TARGET_NAME = Instagram;
			};
			name = Release;
		};
/* End XCBuildConfiguration section */

/* Begin XCConfigurationList section */
		4B8DE3792543BCAE00B80D4E /* Build configuration list for PBXProject "Instagram" */ = {
			isa = XCConfigurationList;
			buildConfigurations = (
				4B8DE3A62543BCAF00B80D4E /* Debug */,
				4B8DE3A72543BCAF00B80D4E /* Release */,
			);
			defaultConfigurationIsVisible = 0;
			defaultConfigurationName = Release;
		};
		4B8DE3A82543BCAF00B80D4E /* Build configuration list for PBXNativeTarget "Instagram" */ = {
			isa = XCConfigurationList;
			buildConfigurations = (
				4B8DE3A92543BCAF00B80D4E /* Debug */,
				4B8DE3AA2543BCAF00B80D4E /* Release */,
			);
			defaultConfigurationIsVisible = 0;
			defaultConfigurationName = Release;
		};
		4B8DE3AB2543BCAF00B80D4E /* Build configuration list for PBXNativeTarget "InstagramTests" */ = {
			isa = XCConfigurationList;
			buildConfigurations = (
				4B8DE3AC2543BCAF00B80D4E /* Debug */,
				4B8DE3AD2543BCAF00B80D4E /* Release */,
			);
			defaultConfigurationIsVisible = 0;
			defaultConfigurationName = Release;
		};
		4B8DE3AE2543BCAF00B80D4E /* Build configuration list for PBXNativeTarget "InstagramUITests" */ = {
			isa = XCConfigurationList;
			buildConfigurations = (
				4B8DE3AF2543BCAF00B80D4E /* Debug */,
				4B8DE3B02543BCAF00B80D4E /* Release */,
			);
			defaultConfigurationIsVisible = 0;
			defaultConfigurationName = Release;
		};
/* End XCConfigurationList section */
	};
	rootObject = 4B8DE3762543BCAE00B80D4E /* Project object */;
}
